
Microsoft Visual Studio Solution File, Format Version 12.00
# Visual Studio Version 16
VisualStudioVersion = 16.0.28721.148
MinimumVisualStudioVersion = 10.0.40219.1
Project("{9A19103F-16F7-4668-BE54-9A1E7A4F7556}") = "VSUpdater", "VSUpdater.csproj", "{9E411762-E636-4FB5-88BE-B782267F0414}"
EndProject
Global
	GlobalSection(SolutionConfigurationPlatforms) = preSolution
		Debug|Any CPU = Debug|Any CPU
		Release|Any CPU = Release|Any CPU
	EndGlobalSection
	GlobalSection(ProjectConfigurationPlatforms) = postSolution
		{9E411762-E636-4FB5-88BE-B782267F0414}.Debug|Any CPU.ActiveCfg = Debug|Any CPU
		{9E411762-E636-4FB5-88BE-B782267F0414}.Debug|Any CPU.Build.0 = Debug|Any CPU
		{9E411762-E636-4FB5-88BE-B782267F0414}.Release|Any CPU.ActiveCfg = Release|Any CPU
		{9E411762-E636-4FB5-88BE-B782267F0414}.Release|Any CPU.Build.0 = Release|Any CPU
	EndGlobalSection
	GlobalSection(SolutionProperties) = preSolution
		HideSolutionNode = FALSE
	EndGlobalSection
	GlobalSection(ExtensibilityGlobals) = postSolution
		SolutionGuid = {0B65EECD-180D-4E98-8FC9-E06481F91AD3}
	EndGlobalSection
EndGlobal
